// !$*UTF8*$!
{
	archiveVersion = 1;
	classes = {
	};
	objectVersion = 46;
	objects = {

/* Begin PBXBuildFile section */
		894582D91BC09BC5004C8113 /* AppDelegate.swift in Sources */ = {isa = PBXBuildFile; fileRef = 894582D81BC09BC5004C8113 /* AppDelegate.swift */; };
		894582DB1BC09BC5004C8113 /* ViewController.swift in Sources */ = {isa = PBXBuildFile; fileRef = 894582DA1BC09BC5004C8113 /* ViewController.swift */; };
		894582DE1BC09BC5004C8113 /* Main.storyboard in Resources */ = {isa = PBXBuildFile; fileRef = 894582DC1BC09BC5004C8113 /* Main.storyboard */; };
		894582E01BC09BC5004C8113 /* Assets.xcassets in Resources */ = {isa = PBXBuildFile; fileRef = 894582DF1BC09BC5004C8113 /* Assets.xcassets */; };
		894582E31BC09BC5004C8113 /* LaunchScreen.storyboard in Resources */ = {isa = PBXBuildFile; fileRef = 894582E11BC09BC5004C8113 /* LaunchScreen.storyboard */; };
		894582EB1BC09CA2004C8113 /* Parse.framework in Frameworks */ = {isa = PBXBuildFile; fileRef = 894582EA1BC09CA2004C8113 /* Parse.framework */; };
		894582ED1BC09CAF004C8113 /* Bolts.framework in Frameworks */ = {isa = PBXBuildFile; fileRef = 894582EC1BC09CAF004C8113 /* Bolts.framework */; };
		894582EF1BC09CE9004C8113 /* AudioToolbox.framework in Frameworks */ = {isa = PBXBuildFile; fileRef = 894582EE1BC09CE9004C8113 /* AudioToolbox.framework */; };
		894582F11BC09CEF004C8113 /* CFNetwork.framework in Frameworks */ = {isa = PBXBuildFile; fileRef = 894582F01BC09CEF004C8113 /* CFNetwork.framework */; };
		894582F31BC09CF5004C8113 /* CoreGraphics.framework in Frameworks */ = {isa = PBXBuildFile; fileRef = 894582F21BC09CF5004C8113 /* CoreGraphics.framework */; };
		894582F51BC09CFB004C8113 /* CoreLocation.framework in Frameworks */ = {isa = PBXBuildFile; fileRef = 894582F41BC09CFB004C8113 /* CoreLocation.framework */; };
		894582F71BC09D00004C8113 /* QuartzCore.framework in Frameworks */ = {isa = PBXBuildFile; fileRef = 894582F61BC09D00004C8113 /* QuartzCore.framework */; };
		894582F91BC09D06004C8113 /* Security.framework in Frameworks */ = {isa = PBXBuildFile; fileRef = 894582F81BC09D06004C8113 /* Security.framework */; };
		894582FB1BC09D0C004C8113 /* StoreKit.framework in Frameworks */ = {isa = PBXBuildFile; fileRef = 894582FA1BC09D0C004C8113 /* StoreKit.framework */; };
		894582FD1BC09D12004C8113 /* SystemConfiguration.framework in Frameworks */ = {isa = PBXBuildFile; fileRef = 894582FC1BC09D12004C8113 /* SystemConfiguration.framework */; };
		894582FF1BC09D7A004C8113 /* libsqlite3.tbd in Frameworks */ = {isa = PBXBuildFile; fileRef = 894582FE1BC09D7A004C8113 /* libsqlite3.tbd */; };
		894583011BC09D85004C8113 /* libz.tbd in Frameworks */ = {isa = PBXBuildFile; fileRef = 894583001BC09D85004C8113 /* libz.tbd */; };
		894583051BC09F92004C8113 /* FBSDKCoreKit.framework in Frameworks */ = {isa = PBXBuildFile; fileRef = 894583031BC09F92004C8113 /* FBSDKCoreKit.framework */; };
		894583061BC09F92004C8113 /* FBSDKLoginKit.framework in Frameworks */ = {isa = PBXBuildFile; fileRef = 894583041BC09F92004C8113 /* FBSDKLoginKit.framework */; };
		8983AD521C3CAFDC002DC7AE /* CreateEventViewController.swift in Sources */ = {isa = PBXBuildFile; fileRef = 8983AD511C3CAFDC002DC7AE /* CreateEventViewController.swift */; };
/* End PBXBuildFile section */

/* Begin PBXFileReference section */
		894582D51BC09BC4004C8113 /* Ping.app */ = {isa = PBXFileReference; explicitFileType = wrapper.application; includeInIndex = 0; path = Ping.app; sourceTree = BUILT_PRODUCTS_DIR; };
		894582D81BC09BC5004C8113 /* AppDelegate.swift */ = {isa = PBXFileReference; lastKnownFileType = sourcecode.swift; path = AppDelegate.swift; sourceTree = "<group>"; };
		894582DA1BC09BC5004C8113 /* ViewController.swift */ = {isa = PBXFileReference; lastKnownFileType = sourcecode.swift; path = ViewController.swift; sourceTree = "<group>"; };
		894582DD1BC09BC5004C8113 /* Base */ = {isa = PBXFileReference; lastKnownFileType = file.storyboard; name = Base; path = Base.lproj/Main.storyboard; sourceTree = "<group>"; };
		894582DF1BC09BC5004C8113 /* Assets.xcassets */ = {isa = PBXFileReference; lastKnownFileType = folder.assetcatalog; path = Assets.xcassets; sourceTree = "<group>"; };
		894582E21BC09BC5004C8113 /* Base */ = {isa = PBXFileReference; lastKnownFileType = file.storyboard; name = Base; path = Base.lproj/LaunchScreen.storyboard; sourceTree = "<group>"; };
		894582E41BC09BC5004C8113 /* Info.plist */ = {isa = PBXFileReference; lastKnownFileType = text.plist.xml; path = Info.plist; sourceTree = "<group>"; };
		894582EA1BC09CA2004C8113 /* Parse.framework */ = {isa = PBXFileReference; lastKnownFileType = wrapper.framework; path = Parse.framework; sourceTree = "<group>"; };
		894582EC1BC09CAF004C8113 /* Bolts.framework */ = {isa = PBXFileReference; lastKnownFileType = wrapper.framework; path = Bolts.framework; sourceTree = "<group>"; };
		894582EE1BC09CE9004C8113 /* AudioToolbox.framework */ = {isa = PBXFileReference; lastKnownFileType = wrapper.framework; name = AudioToolbox.framework; path = System/Library/Frameworks/AudioToolbox.framework; sourceTree = SDKROOT; };
		894582F01BC09CEF004C8113 /* CFNetwork.framework */ = {isa = PBXFileReference; lastKnownFileType = wrapper.framework; name = CFNetwork.framework; path = System/Library/Frameworks/CFNetwork.framework; sourceTree = SDKROOT; };
		894582F21BC09CF5004C8113 /* CoreGraphics.framework */ = {isa = PBXFileReference; lastKnownFileType = wrapper.framework; name = CoreGraphics.framework; path = System/Library/Frameworks/CoreGraphics.framework; sourceTree = SDKROOT; };
		894582F41BC09CFB004C8113 /* CoreLocation.framework */ = {isa = PBXFileReference; lastKnownFileType = wrapper.framework; name = CoreLocation.framework; path = System/Library/Frameworks/CoreLocation.framework; sourceTree = SDKROOT; };
		894582F61BC09D00004C8113 /* QuartzCore.framework */ = {isa = PBXFileReference; lastKnownFileType = wrapper.framework; name = QuartzCore.framework; path = System/Library/Frameworks/QuartzCore.framework; sourceTree = SDKROOT; };
		894582F81BC09D06004C8113 /* Security.framework */ = {isa = PBXFileReference; lastKnownFileType = wrapper.framework; name = Security.framework; path = System/Library/Frameworks/Security.framework; sourceTree = SDKROOT; };
		894582FA1BC09D0C004C8113 /* StoreKit.framework */ = {isa = PBXFileReference; lastKnownFileType = wrapper.framework; name = StoreKit.framework; path = System/Library/Frameworks/StoreKit.framework; sourceTree = SDKROOT; };
		894582FC1BC09D12004C8113 /* SystemConfiguration.framework */ = {isa = PBXFileReference; lastKnownFileType = wrapper.framework; name = SystemConfiguration.framework; path = System/Library/Frameworks/SystemConfiguration.framework; sourceTree = SDKROOT; };
		894582FE1BC09D7A004C8113 /* libsqlite3.tbd */ = {isa = PBXFileReference; lastKnownFileType = "sourcecode.text-based-dylib-definition"; name = libsqlite3.tbd; path = usr/lib/libsqlite3.tbd; sourceTree = SDKROOT; };
		894583001BC09D85004C8113 /* libz.tbd */ = {isa = PBXFileReference; lastKnownFileType = "sourcecode.text-based-dylib-definition"; name = libz.tbd; path = usr/lib/libz.tbd; sourceTree = SDKROOT; };
		894583031BC09F92004C8113 /* FBSDKCoreKit.framework */ = {isa = PBXFileReference; lastKnownFileType = wrapper.framework; path = FBSDKCoreKit.framework; sourceTree = "<group>"; };
		894583041BC09F92004C8113 /* FBSDKLoginKit.framework */ = {isa = PBXFileReference; lastKnownFileType = wrapper.framework; path = FBSDKLoginKit.framework; sourceTree = "<group>"; };
		8983AD511C3CAFDC002DC7AE /* CreateEventViewController.swift */ = {isa = PBXFileReference; fileEncoding = 4; lastKnownFileType = sourcecode.swift; path = CreateEventViewController.swift; sourceTree = "<group>"; };
/* End PBXFileReference section */

/* Begin PBXFrameworksBuildPhase section */
		894582D21BC09BC4004C8113 /* Frameworks */ = {
			isa = PBXFrameworksBuildPhase;
			buildActionMask = 2147483647;
			files = (
				894583011BC09D85004C8113 /* libz.tbd in Frameworks */,
				894582FF1BC09D7A004C8113 /* libsqlite3.tbd in Frameworks */,
				894582FD1BC09D12004C8113 /* SystemConfiguration.framework in Frameworks */,
				894582FB1BC09D0C004C8113 /* StoreKit.framework in Frameworks */,
				894583061BC09F92004C8113 /* FBSDKLoginKit.framework in Frameworks */,
				894582F91BC09D06004C8113 /* Security.framework in Frameworks */,
				894582F71BC09D00004C8113 /* QuartzCore.framework in Frameworks */,
				894582F51BC09CFB004C8113 /* CoreLocation.framework in Frameworks */,
				894582F31BC09CF5004C8113 /* CoreGraphics.framework in Frameworks */,
				894583051BC09F92004C8113 /* FBSDKCoreKit.framework in Frameworks */,
				894582F11BC09CEF004C8113 /* CFNetwork.framework in Frameworks */,
				894582EF1BC09CE9004C8113 /* AudioToolbox.framework in Frameworks */,
				894582EB1BC09CA2004C8113 /* Parse.framework in Frameworks */,
				894582ED1BC09CAF004C8113 /* Bolts.framework in Frameworks */,
			);
			runOnlyForDeploymentPostprocessing = 0;
		};
/* End PBXFrameworksBuildPhase section */

/* Begin PBXGroup section */
		894582CC1BC09BC4004C8113 = {
			isa = PBXGroup;
			children = (
				894583021BC09F4C004C8113 /* Framework */,
				894582D71BC09BC5004C8113 /* Ping */,
				894582D61BC09BC4004C8113 /* Products */,
			);
			sourceTree = "<group>";
		};
		894582D61BC09BC4004C8113 /* Products */ = {
			isa = PBXGroup;
			children = (
				894582D51BC09BC4004C8113 /* Ping.app */,
			);
			name = Products;
			sourceTree = "<group>";
		};
		894582D71BC09BC5004C8113 /* Ping */ = {
			isa = PBXGroup;
			children = (
				894582D81BC09BC5004C8113 /* AppDelegate.swift */,
				894582DA1BC09BC5004C8113 /* ViewController.swift */,
				894582DC1BC09BC5004C8113 /* Main.storyboard */,
				8983AD511C3CAFDC002DC7AE /* CreateEventViewController.swift */,
				894582DF1BC09BC5004C8113 /* Assets.xcassets */,
				894582E11BC09BC5004C8113 /* LaunchScreen.storyboard */,
				894582E41BC09BC5004C8113 /* Info.plist */,
			);
			path = Ping;
			sourceTree = "<group>";
		};
		894583021BC09F4C004C8113 /* Framework */ = {
			isa = PBXGroup;
			children = (
				894583031BC09F92004C8113 /* FBSDKCoreKit.framework */,
				894583041BC09F92004C8113 /* FBSDKLoginKit.framework */,
				894583001BC09D85004C8113 /* libz.tbd */,
				894582FE1BC09D7A004C8113 /* libsqlite3.tbd */,
				894582FC1BC09D12004C8113 /* SystemConfiguration.framework */,
				894582FA1BC09D0C004C8113 /* StoreKit.framework */,
				894582F81BC09D06004C8113 /* Security.framework */,
				894582F61BC09D00004C8113 /* QuartzCore.framework */,
				894582F41BC09CFB004C8113 /* CoreLocation.framework */,
				894582F21BC09CF5004C8113 /* CoreGraphics.framework */,
				894582F01BC09CEF004C8113 /* CFNetwork.framework */,
				894582EE1BC09CE9004C8113 /* AudioToolbox.framework */,
				894582EC1BC09CAF004C8113 /* Bolts.framework */,
				894582EA1BC09CA2004C8113 /* Parse.framework */,
			);
			name = Framework;
			sourceTree = "<group>";
		};
/* End PBXGroup section */

/* Begin PBXNativeTarget section */
		894582D41BC09BC4004C8113 /* Ping */ = {
			isa = PBXNativeTarget;
			buildConfigurationList = 894582E71BC09BC5004C8113 /* Build configuration list for PBXNativeTarget "Ping" */;
			buildPhases = (
				894582D11BC09BC4004C8113 /* Sources */,
				894582D21BC09BC4004C8113 /* Frameworks */,
				894582D31BC09BC4004C8113 /* Resources */,
			);
			buildRules = (
			);
			dependencies = (
			);
			name = Ping;
			productName = Ping;
			productReference = 894582D51BC09BC4004C8113 /* Ping.app */;
			productType = "com.apple.product-type.application";
		};
/* End PBXNativeTarget section */

/* Begin PBXProject section */
		894582CD1BC09BC4004C8113 /* Project object */ = {
			isa = PBXProject;
			attributes = {
				LastUpgradeCheck = 0700;
				ORGANIZATIONNAME = shreyanshu;
				TargetAttributes = {
					894582D41BC09BC4004C8113 = {
						CreatedOnToolsVersion = 7.0.1;
						DevelopmentTeam = GT9Y2CC43Z;
					};
				};
			};
			buildConfigurationList = 894582D01BC09BC4004C8113 /* Build configuration list for PBXProject "Ping" */;
			compatibilityVersion = "Xcode 3.2";
			developmentRegion = English;
			hasScannedForEncodings = 0;
			knownRegions = (
				en,
				Base,
			);
			mainGroup = 894582CC1BC09BC4004C8113;
			productRefGroup = 894582D61BC09BC4004C8113 /* Products */;
			projectDirPath = "";
			projectRoot = "";
			targets = (
				894582D41BC09BC4004C8113 /* Ping */,
			);
		};
/* End PBXProject section */

/* Begin PBXResourcesBuildPhase section */
		894582D31BC09BC4004C8113 /* Resources */ = {
			isa = PBXResourcesBuildPhase;
			buildActionMask = 2147483647;
			files = (
				894582E31BC09BC5004C8113 /* LaunchScreen.storyboard in Resources */,
				894582E01BC09BC5004C8113 /* Assets.xcassets in Resources */,
				894582DE1BC09BC5004C8113 /* Main.storyboard in Resources */,
			);
			runOnlyForDeploymentPostprocessing = 0;
		};
/* End PBXResourcesBuildPhase section */

/* Begin PBXSourcesBuildPhase section */
		894582D11BC09BC4004C8113 /* Sources */ = {
			isa = PBXSourcesBuildPhase;
			buildActionMask = 2147483647;
			files = (
				894582DB1BC09BC5004C8113 /* ViewController.swift in Sources */,
				894582D91BC09BC5004C8113 /* AppDelegate.swift in Sources */,
				8983AD521C3CAFDC002DC7AE /* CreateEventViewController.swift in Sources */,
			);
			runOnlyForDeploymentPostprocessing = 0;
		};
/* End PBXSourcesBuildPhase section */

/* Begin PBXVariantGroup section */
		894582DC1BC09BC5004C8113 /* Main.storyboard */ = {
			isa = PBXVariantGroup;
			children = (
				894582DD1BC09BC5004C8113 /* Base */,
			);
			name = Main.storyboard;
			sourceTree = "<group>";
		};
		894582E11BC09BC5004C8113 /* LaunchScreen.storyboard */ = {
			isa = PBXVariantGroup;
			children = (
				894582E21BC09BC5004C8113 /* Base */,
			);
			name = LaunchScreen.storyboard;
			sourceTree = "<group>";
		};
/* End PBXVariantGroup section */

/* Begin XCBuildConfiguration section */
		894582E51BC09BC5004C8113 /* Debug */ = {
			isa = XCBuildConfiguration;
			buildSettings = {
				ALWAYS_SEARCH_USER_PATHS = NO;
				CLANG_CXX_LANGUAGE_STANDARD = "gnu++0x";
				CLANG_CXX_LIBRARY = "libc++";
				CLANG_ENABLE_MODULES = YES;
				CLANG_ENABLE_OBJC_ARC = YES;
				CLANG_WARN_BOOL_CONVERSION = YES;
				CLANG_WARN_CONSTANT_CONVERSION = YES;
				CLANG_WARN_DIRECT_OBJC_ISA_USAGE = YES_ERROR;
				CLANG_WARN_EMPTY_BODY = YES;
				CLANG_WARN_ENUM_CONVERSION = YES;
				CLANG_WARN_INT_CONVERSION = YES;
				CLANG_WARN_OBJC_ROOT_CLASS = YES_ERROR;
				CLANG_WARN_UNREACHABLE_CODE = YES;
				CLANG_WARN__DUPLICATE_METHOD_MATCH = YES;
				"CODE_SIGN_IDENTITY[sdk=iphoneos*]" = "iPhone Developer";
				COPY_PHASE_STRIP = NO;
				DEBUG_INFORMATION_FORMAT = dwarf;
				ENABLE_STRICT_OBJC_MSGSEND = YES;
				ENABLE_TESTABILITY = YES;
				GCC_C_LANGUAGE_STANDARD = gnu99;
				GCC_DYNAMIC_NO_PIC = NO;
				GCC_NO_COMMON_BLOCKS = YES;
				GCC_OPTIMIZATION_LEVEL = 0;
				GCC_PREPROCESSOR_DEFINITIONS = (
					"DEBUG=1",
					"$(inherited)",
				);
				GCC_WARN_64_TO_32_BIT_CONVERSION = YES;
				GCC_WARN_ABOUT_RETURN_TYPE = YES_ERROR;
				GCC_WARN_UNDECLARED_SELECTOR = YES;
				GCC_WARN_UNINITIALIZED_AUTOS = YES_AGGRESSIVE;
				GCC_WARN_UNUSED_FUNCTION = YES;
				GCC_WARN_UNUSED_VARIABLE = YES;
				IPHONEOS_DEPLOYMENT_TARGET = 9.0;
				MTL_ENABLE_DEBUG_INFO = YES;
				ONLY_ACTIVE_ARCH = YES;
				SDKROOT = iphoneos;
				SWIFT_OPTIMIZATION_LEVEL = "-Onone";
			};
			name = Debug;
		};
		894582E61BC09BC5004C8113 /* Release */ = {
			isa = XCBuildConfiguration;
			buildSettings = {
				ALWAYS_SEARCH_USER_PATHS = NO;
				CLANG_CXX_LANGUAGE_STANDARD = "gnu++0x";
				CLANG_CXX_LIBRARY = "libc++";
				CLANG_ENABLE_MODULES = YES;
				CLANG_ENABLE_OBJC_ARC = YES;
				CLANG_WARN_BOOL_CONVERSION = YES;
				CLANG_WARN_CONSTANT_CONVERSION = YES;
				CLANG_WARN_DIRECT_OBJC_ISA_USAGE = YES_ERROR;
				CLANG_WARN_EMPTY_BODY = YES;
				CLANG_WARN_ENUM_CONVERSION = YES;
				CLANG_WARN_INT_CONVERSION = YES;
				CLANG_WARN_OBJC_ROOT_CLASS = YES_ERROR;
				CLANG_WARN_UNREACHABLE_CODE = YES;
				CLANG_WARN__DUPLICATE_METHOD_MATCH = YES;
				"CODE_SIGN_IDENTITY[sdk=iphoneos*]" = "iPhone Developer";
				COPY_PHASE_STRIP = NO;
				DEBUG_INFORMATION_FORMAT = "dwarf-with-dsym";
				ENABLE_NS_ASSERTIONS = NO;
				ENABLE_STRICT_OBJC_MSGSEND = YES;
				GCC_C_LANGUAGE_STANDARD = gnu99;
				GCC_NO_COMMON_BLOCKS = YES;
				GCC_WARN_64_TO_32_BIT_CONVERSION = YES;
				GCC_WARN_ABOUT_RETURN_TYPE = YES_ERROR;
				GCC_WARN_UNDECLARED_SELECTOR = YES;
				GCC_WARN_UNINITIALIZED_AUTOS = YES_AGGRESSIVE;
				GCC_WARN_UNUSED_FUNCTION = YES;
				GCC_WARN_UNUSED_VARIABLE = YES;
				IPHONEOS_DEPLOYMENT_TARGET = 9.0;
				MTL_ENABLE_DEBUG_INFO = NO;
				SDKROOT = iphoneos;
				VALIDATE_PRODUCT = YES;
			};
			name = Release;
		};
		894582E81BC09BC5004C8113 /* Debug */ = {
			isa = XCBuildConfiguration;
			buildSettings = {
				ASSETCATALOG_COMPILER_APPICON_NAME = AppIcon;
				FRAMEWORK_SEARCH_PATHS = (
					"$(inherited)",
					"$(PROJECT_DIR)",
				);
				INFOPLIST_FILE = Ping/Info.plist;
				IPHONEOS_DEPLOYMENT_TARGET = 8.0;
				LD_RUNPATH_SEARCH_PATHS = "$(inherited) @executable_path/Frameworks";
				PRODUCT_BUNDLE_IDENTIFIER = com.shreyanshu.Ping;
				PRODUCT_NAME = "$(TARGET_NAME)";
			};
			name = Debug;
		};
		894582E91BC09BC5004C8113 /* Release */ = {
			isa = XCBuildConfiguration;
			buildSettings = {
				ASSETCATALOG_COMPILER_APPICON_NAME = AppIcon;
				FRAMEWORK_SEARCH_PATHS = (
					"$(inherited)",
					"$(PROJECT_DIR)",
				);
				INFOPLIST_FILE = Ping/Info.plist;
				IPHONEOS_DEPLOYMENT_TARGET = 8.0;
				LD_RUNPATH_SEARCH_PATHS = "$(inherited) @executable_path/Frameworks";
				PRODUCT_BUNDLE_IDENTIFIER = com.shreyanshu.Ping;
				PRODUCT_NAME = "$(TARGET_NAME)";
			};
			name = Release;
		};
/* End XCBuildConfiguration section */

/* Begin XCConfigurationList section */
		894582D01BC09BC4004C8113 /* Build configuration list for PBXProject "Ping" */ = {
			isa = XCConfigurationList;
			buildConfigurations = (
				894582E51BC09BC5004C8113 /* Debug */,
				894582E61BC09BC5004C8113 /* Release */,
			);
			defaultConfigurationIsVisible = 0;
			defaultConfigurationName = Release;
		};
		894582E71BC09BC5004C8113 /* Build configuration list for PBXNativeTarget "Ping" */ = {
			isa = XCConfigurationList;
			buildConfigurations = (
				894582E81BC09BC5004C8113 /* Debug */,
				894582E91BC09BC5004C8113 /* Release */,
			);
			defaultConfigurationIsVisible = 0;
			defaultConfigurationName = Release;
		};
/* End XCConfigurationList section */
	};
	rootObject = 894582CD1BC09BC4004C8113 /* Project object */;
}
